
Microsoft Visual Studio Solution File, Format Version 12.00
# Visual Studio 2017
Project("{FAE04EC0-301F-11D3-BF4B-00C04F79EFBC}") = "Sci-berCrime", "Sci-berCrime.csproj", "{B76830AC-F396-761D-3876-BC0FC452B7FD}"
EndProject
Global
	GlobalSection(SolutionConfigurationPlatforms) = preSolution
		Debug|Any CPU = Debug|Any CPU
		Release|Any CPU = Release|Any CPU
	EndGlobalSection
	GlobalSection(ProjectConfigurationPlatforms) = postSolution
		{B76830AC-F396-761D-3876-BC0FC452B7FD}.Debug|Any CPU.ActiveCfg = Debug|Any CPU
		{B76830AC-F396-761D-3876-BC0FC452B7FD}.Debug|Any CPU.Build.0 = Debug|Any CPU
		{B76830AC-F396-761D-3876-BC0FC452B7FD}.Release|Any CPU.ActiveCfg = Release|Any CPU
		{B76830AC-F396-761D-3876-BC0FC452B7FD}.Release|Any CPU.Build.0 = Release|Any CPU
	EndGlobalSection
	GlobalSection(SolutionProperties) = preSolution
		HideSolutionNode = FALSE
	EndGlobalSection
EndGlobal
